# THIS IS AN AUTOGENERATED FILE. DO NOT EDIT THIS FILE DIRECTLY.
# yarn lockfile v1


"@erosson/polynomial@^1.0.5":
  version "1.0.5"
  resolved "https://registry.yarnpkg.com/@erosson/polynomial/-/polynomial-1.0.5.tgz#b4f6735dcaeeecbba79b6655cf89594bd3d19429"
  integrity sha512-3DhbGQjTcNaUOvErrIYxjdhjqUDATbPx0LN2Ci3wblF4p+cNv1KZ2ICDHFV87GlFSQ3pNj8dj1AjwXoCXUZpOw==
